
Microsoft Visual Studio Solution File, Format Version 12.00
# Visual Studio Version 17
VisualStudioVersion = 17.8.34316.72
MinimumVisualStudioVersion = 10.0.40219.1
Project("{9A19103F-16F7-4668-BE54-9A1E7A4F7556}") = "bai21", "bai21.csproj", "{3A540F78-FB44-4205-A218-0CDAC68EADDE}"
EndProject
Project("{9A19103F-16F7-4668-BE54-9A1E7A4F7556}") = "bai22", "..\bai22\bai22.csproj", "{34CC641A-E8C5-4CD4-95EA-A3866B1C9B96}"
EndProject
Project("{9A19103F-16F7-4668-BE54-9A1E7A4F7556}") = "bai23", "..\bai23\bai23.csproj", "{8ED515F9-F74A-4685-88A6-64433CA21362}"
EndProject
Project("{9A19103F-16F7-4668-BE54-9A1E7A4F7556}") = "bai24", "..\bai24\bai24.csproj", "{AD9A91DA-F12E-4986-AC35-EF54A64EAD1D}"
EndProject
Project("{9A19103F-16F7-4668-BE54-9A1E7A4F7556}") = "bai25", "..\bai25\bai25.csproj", "{6B5D7120-CD1D-44BD-A29A-AC4C3C0A86EA}"
EndProject
Project("{9A19103F-16F7-4668-BE54-9A1E7A4F7556}") = "bai26", "..\bai26\bai26.csproj", "{EDFD2FEE-FC8B-48F7-936B-25CC1C0C3278}"
EndProject
Project("{9A19103F-16F7-4668-BE54-9A1E7A4F7556}") = "bai27", "..\bai27\bai27.csproj", "{65143A2A-F469-409F-AEF8-CD27CF93D384}"
EndProject
Project("{9A19103F-16F7-4668-BE54-9A1E7A4F7556}") = "bai28", "..\bai28\bai28.csproj", "{AC16FAF3-22D4-4AA8-8C22-F87229BA9CBD}"
EndProject
Project("{9A19103F-16F7-4668-BE54-9A1E7A4F7556}") = "bai29", "..\bai29\bai29.csproj", "{4034645E-87B4-421A-BA14-EAF0E46D2E5E}"
EndProject
Project("{FAE04EC0-301F-11D3-BF4B-00C04F79EFBC}") = "bai210", "..\bai210\bai210.csproj", "{650606C6-ED62-4BD8-B385-A005A8CAD9CE}"
EndProject
Project("{FAE04EC0-301F-11D3-BF4B-00C04F79EFBC}") = "bai211", "..\bai211\bai211.csproj", "{27FE3B3E-74E2-45FC-B648-8A555A0C139E}"
EndProject
Project("{FAE04EC0-301F-11D3-BF4B-00C04F79EFBC}") = "bai212", "..\bai212\bai212.csproj", "{8DDBB40C-E3A1-45ED-A929-9D06E97CA3CF}"
EndProject
Project("{FAE04EC0-301F-11D3-BF4B-00C04F79EFBC}") = "bai31", "..\bai31\bai31.csproj", "{F624ABA7-4189-4980-8BAC-1820AFDE8D94}"
EndProject
Project("{FAE04EC0-301F-11D3-BF4B-00C04F79EFBC}") = "bai32", "..\bai32\bai32.csproj", "{1126F37B-F1F9-465B-9963-41D8FFC606FB}"
EndProject
Project("{FAE04EC0-301F-11D3-BF4B-00C04F79EFBC}") = "bai33", "..\bai33\bai33.csproj", "{02970A86-281E-4B92-B586-76E4299F6AD1}"
EndProject
Project("{FAE04EC0-301F-11D3-BF4B-00C04F79EFBC}") = "bai34", "..\bai34\bai34.csproj", "{A913ADAF-32F5-454F-B2C2-086BEE0F5854}"
EndProject
Project("{FAE04EC0-301F-11D3-BF4B-00C04F79EFBC}") = "bai35", "..\bai35\bai35.csproj", "{BB459130-91C2-4AA2-8B53-93EA1D240BF4}"
EndProject
Global
	GlobalSection(SolutionConfigurationPlatforms) = preSolution
		Debug|Any CPU = Debug|Any CPU
		Release|Any CPU = Release|Any CPU
	EndGlobalSection
	GlobalSection(ProjectConfigurationPlatforms) = postSolution
		{3A540F78-FB44-4205-A218-0CDAC68EADDE}.Debug|Any CPU.ActiveCfg = Debug|Any CPU
		{3A540F78-FB44-4205-A218-0CDAC68EADDE}.Debug|Any CPU.Build.0 = Debug|Any CPU
		{3A540F78-FB44-4205-A218-0CDAC68EADDE}.Release|Any CPU.ActiveCfg = Release|Any CPU
		{3A540F78-FB44-4205-A218-0CDAC68EADDE}.Release|Any CPU.Build.0 = Release|Any CPU
		{34CC641A-E8C5-4CD4-95EA-A3866B1C9B96}.Debug|Any CPU.ActiveCfg = Debug|Any CPU
		{34CC641A-E8C5-4CD4-95EA-A3866B1C9B96}.Debug|Any CPU.Build.0 = Debug|Any CPU
		{34CC641A-E8C5-4CD4-95EA-A3866B1C9B96}.Release|Any CPU.ActiveCfg = Release|Any CPU
		{34CC641A-E8C5-4CD4-95EA-A3866B1C9B96}.Release|Any CPU.Build.0 = Release|Any CPU
		{8ED515F9-F74A-4685-88A6-64433CA21362}.Debug|Any CPU.ActiveCfg = Debug|Any CPU
		{8ED515F9-F74A-4685-88A6-64433CA21362}.Debug|Any CPU.Build.0 = Debug|Any CPU
		{8ED515F9-F74A-4685-88A6-64433CA21362}.Release|Any CPU.ActiveCfg = Release|Any CPU
		{8ED515F9-F74A-4685-88A6-64433CA21362}.Release|Any CPU.Build.0 = Release|Any CPU
		{AD9A91DA-F12E-4986-AC35-EF54A64EAD1D}.Debug|Any CPU.ActiveCfg = Debug|Any CPU
		{AD9A91DA-F12E-4986-AC35-EF54A64EAD1D}.Debug|Any CPU.Build.0 = Debug|Any CPU
		{AD9A91DA-F12E-4986-AC35-EF54A64EAD1D}.Release|Any CPU.ActiveCfg = Release|Any CPU
		{AD9A91DA-F12E-4986-AC35-EF54A64EAD1D}.Release|Any CPU.Build.0 = Release|Any CPU
		{6B5D7120-CD1D-44BD-A29A-AC4C3C0A86EA}.Debug|Any CPU.ActiveCfg = Debug|Any CPU
		{6B5D7120-CD1D-44BD-A29A-AC4C3C0A86EA}.Debug|Any CPU.Build.0 = Debug|Any CPU
		{6B5D7120-CD1D-44BD-A29A-AC4C3C0A86EA}.Release|Any CPU.ActiveCfg = Release|Any CPU
		{6B5D7120-CD1D-44BD-A29A-AC4C3C0A86EA}.Release|Any CPU.Build.0 = Release|Any CPU
		{EDFD2FEE-FC8B-48F7-936B-25CC1C0C3278}.Debug|Any CPU.ActiveCfg = Debug|Any CPU
		{EDFD2FEE-FC8B-48F7-936B-25CC1C0C3278}.Debug|Any CPU.Build.0 = Debug|Any CPU
		{EDFD2FEE-FC8B-48F7-936B-25CC1C0C3278}.Release|Any CPU.ActiveCfg = Release|Any CPU
		{EDFD2FEE-FC8B-48F7-936B-25CC1C0C3278}.Release|Any CPU.Build.0 = Release|Any CPU
		{65143A2A-F469-409F-AEF8-CD27CF93D384}.Debug|Any CPU.ActiveCfg = Debug|Any CPU
		{65143A2A-F469-409F-AEF8-CD27CF93D384}.Debug|Any CPU.Build.0 = Debug|Any CPU
		{65143A2A-F469-409F-AEF8-CD27CF93D384}.Release|Any CPU.ActiveCfg = Release|Any CPU
		{65143A2A-F469-409F-AEF8-CD27CF93D384}.Release|Any CPU.Build.0 = Release|Any CPU
		{AC16FAF3-22D4-4AA8-8C22-F87229BA9CBD}.Debug|Any CPU.ActiveCfg = Debug|Any CPU
		{AC16FAF3-22D4-4AA8-8C22-F87229BA9CBD}.Debug|Any CPU.Build.0 = Debug|Any CPU
		{AC16FAF3-22D4-4AA8-8C22-F87229BA9CBD}.Release|Any CPU.ActiveCfg = Release|Any CPU
		{AC16FAF3-22D4-4AA8-8C22-F87229BA9CBD}.Release|Any CPU.Build.0 = Release|Any CPU
		{4034645E-87B4-421A-BA14-EAF0E46D2E5E}.Debug|Any CPU.ActiveCfg = Debug|Any CPU
		{4034645E-87B4-421A-BA14-EAF0E46D2E5E}.Debug|Any CPU.Build.0 = Debug|Any CPU
		{4034645E-87B4-421A-BA14-EAF0E46D2E5E}.Release|Any CPU.ActiveCfg = Release|Any CPU
		{4034645E-87B4-421A-BA14-EAF0E46D2E5E}.Release|Any CPU.Build.0 = Release|Any CPU
		{650606C6-ED62-4BD8-B385-A005A8CAD9CE}.Debug|Any CPU.ActiveCfg = Debug|Any CPU
		{650606C6-ED62-4BD8-B385-A005A8CAD9CE}.Debug|Any CPU.Build.0 = Debug|Any CPU
		{650606C6-ED62-4BD8-B385-A005A8CAD9CE}.Release|Any CPU.ActiveCfg = Release|Any CPU
		{650606C6-ED62-4BD8-B385-A005A8CAD9CE}.Release|Any CPU.Build.0 = Release|Any CPU
		{27FE3B3E-74E2-45FC-B648-8A555A0C139E}.Debug|Any CPU.ActiveCfg = Debug|Any CPU
		{27FE3B3E-74E2-45FC-B648-8A555A0C139E}.Debug|Any CPU.Build.0 = Debug|Any CPU
		{27FE3B3E-74E2-45FC-B648-8A555A0C139E}.Release|Any CPU.ActiveCfg = Release|Any CPU
		{27FE3B3E-74E2-45FC-B648-8A555A0C139E}.Release|Any CPU.Build.0 = Release|Any CPU
		{8DDBB40C-E3A1-45ED-A929-9D06E97CA3CF}.Debug|Any CPU.ActiveCfg = Debug|Any CPU
		{8DDBB40C-E3A1-45ED-A929-9D06E97CA3CF}.Debug|Any CPU.Build.0 = Debug|Any CPU
		{8DDBB40C-E3A1-45ED-A929-9D06E97CA3CF}.Release|Any CPU.ActiveCfg = Release|Any CPU
		{8DDBB40C-E3A1-45ED-A929-9D06E97CA3CF}.Release|Any CPU.Build.0 = Release|Any CPU
		{F624ABA7-4189-4980-8BAC-1820AFDE8D94}.Debug|Any CPU.ActiveCfg = Debug|Any CPU
		{F624ABA7-4189-4980-8BAC-1820AFDE8D94}.Debug|Any CPU.Build.0 = Debug|Any CPU
		{F624ABA7-4189-4980-8BAC-1820AFDE8D94}.Release|Any CPU.ActiveCfg = Release|Any CPU
		{F624ABA7-4189-4980-8BAC-1820AFDE8D94}.Release|Any CPU.Build.0 = Release|Any CPU
		{1126F37B-F1F9-465B-9963-41D8FFC606FB}.Debug|Any CPU.ActiveCfg = Debug|Any CPU
		{1126F37B-F1F9-465B-9963-41D8FFC606FB}.Debug|Any CPU.Build.0 = Debug|Any CPU
		{1126F37B-F1F9-465B-9963-41D8FFC606FB}.Release|Any CPU.ActiveCfg = Release|Any CPU
		{1126F37B-F1F9-465B-9963-41D8FFC606FB}.Release|Any CPU.Build.0 = Release|Any CPU
		{02970A86-281E-4B92-B586-76E4299F6AD1}.Debug|Any CPU.ActiveCfg = Debug|Any CPU
		{02970A86-281E-4B92-B586-76E4299F6AD1}.Debug|Any CPU.Build.0 = Debug|Any CPU
		{02970A86-281E-4B92-B586-76E4299F6AD1}.Release|Any CPU.ActiveCfg = Release|Any CPU
		{02970A86-281E-4B92-B586-76E4299F6AD1}.Release|Any CPU.Build.0 = Release|Any CPU
		{A913ADAF-32F5-454F-B2C2-086BEE0F5854}.Debug|Any CPU.ActiveCfg = Debug|Any CPU
		{A913ADAF-32F5-454F-B2C2-086BEE0F5854}.Debug|Any CPU.Build.0 = Debug|Any CPU
		{A913ADAF-32F5-454F-B2C2-086BEE0F5854}.Release|Any CPU.ActiveCfg = Release|Any CPU
		{A913ADAF-32F5-454F-B2C2-086BEE0F5854}.Release|Any CPU.Build.0 = Release|Any CPU
		{BB459130-91C2-4AA2-8B53-93EA1D240BF4}.Debug|Any CPU.ActiveCfg = Debug|Any CPU
		{BB459130-91C2-4AA2-8B53-93EA1D240BF4}.Debug|Any CPU.Build.0 = Debug|Any CPU
		{BB459130-91C2-4AA2-8B53-93EA1D240BF4}.Release|Any CPU.ActiveCfg = Release|Any CPU
		{BB459130-91C2-4AA2-8B53-93EA1D240BF4}.Release|Any CPU.Build.0 = Release|Any CPU
	EndGlobalSection
	GlobalSection(SolutionProperties) = preSolution
		HideSolutionNode = FALSE
	EndGlobalSection
	GlobalSection(ExtensibilityGlobals) = postSolution
		SolutionGuid = {33C7A45B-C791-44B0-AACC-20F8C1784888}
	EndGlobalSection
EndGlobal
